<?xml version="1.0" encoding="utf-8"?>
<Project ToolsVersion="4.0" xmlns="http://schemas.microsoft.com/developer/msbuild/2003">
  <ItemGroup>
    <Filter Include="Source Files">
      <UniqueIdentifier>{4FC737F1-C7A5-4376-A066-2A32D752A2FF}</UniqueIdentifier>
      <Extensions>cpp;c;cc;cxx;def;odl;idl;hpj;bat;asm;asmx</Extensions>
    </Filter>
    <Filter Include="Header Files">
      <UniqueIdentifier>{93995380-89BD-4b04-88EB-625FBE52EBFB}</UniqueIdentifier>
      <Extensions>h;hh;hpp;hxx;hm;inl;inc;ipp;xsd</Extensions>
    </Filter>
    <Filter Include="Resource Files">
      <UniqueIdentifier>{67DA6AB6-F800-4c08-8B7A-83BB121AAD01}</UniqueIdentifier>
      <Extensions>rc;ico;cur;bmp;dlg;rc2;rct;bin;rgs;gif;jpg;jpeg;jpe;resx;tiff;tif;png;wav;mfcribbon-ms</Extensions>
    </Filter>
    <Filter Include="Header Files\Domain">
      <UniqueIdentifier>{a0814bf9-76c8-49ea-8725-a6f3ca1d5b3a}</UniqueIdentifier>
    </Filter>
    <Filter Include="Header Files\Network">
      <UniqueIdentifier>{346e3a48-363a-40be-a8d3-8b7a5f2c58c7}</UniqueIdentifier>
    </Filter>
    <Filter Include="Header Files\Utilities">
      <UniqueIdentifier>{b3612f95-e7dd-41e1-bf16-8cf0a5284488}</UniqueIdentifier>
    </Filter>
    <Filter Include="Source Files\Domain">
      <UniqueIdentifier>{2bca5fa2-55bc-40fa-8b84-72426d3fcd7c}</UniqueIdentifier>
    </Filter>
    <Filter Include="Source Files\Network">
      <UniqueIdentifier>{b6d29460-fe47-4a87-99e0-429e5be94563}</UniqueIdentifier>
    </Filter>
    <Filter Include="Source Files\Utilities">
      <UniqueIdentifier>{8041dcc9-5842-4765-9137-0b0f35637bef}</UniqueIdentifier>
    </Filter>
    <Filter Include="Header Files\Domain\Abilities">
      <UniqueIdentifier>{9bada3a8-d433-411c-8b92-870008861bd0}</UniqueIdentifier>
    </Filter>
    <Filter Include="Source Files\Domain\Abilities">
      <UniqueIdentifier>{747e6e0a-278c-4c70-8312-c2e0b69f19d9}</UniqueIdentifier>
    </Filter>
    <Filter Include="Header Files\Domain\States">
      <UniqueIdentifier>{4828052d-dfe3-45f6-b4b3-74a64440e5fb}</UniqueIdentifier>
    </Filter>
    <Filter Include="Source Files\Domain\States">
      <UniqueIdentifier>{07db353a-db09-44cb-80a2-2f036a32e010}</UniqueIdentifier>
    </Filter>
    <Filter Include="Header Files\Domain\cards">
      <UniqueIdentifier>{4f15fdbe-5b81-43b1-aec2-a88ce83166ae}</UniqueIdentifier>
    </Filter>
    <Filter Include="Source Files\Domain\cards">
      <UniqueIdentifier>{9f8abea3-3850-459c-abaa-2132ab548737}</UniqueIdentifier>
    </Filter>
  </ItemGroup>
  <ItemGroup>
    <ClInclude Include="pch.h">
      <Filter>Header Files</Filter>
    </ClInclude>
    <ClInclude Include="throw.h">
      <Filter>Header Files</Filter>
    </ClInclude>
    <ClInclude Include="CircularBuffer.h">
      <Filter>Header Files\Network</Filter>
    </ClInclude>
    <ClInclude Include="ClientCommand.h">
      <Filter>Header Files\Network</Filter>
    </ClInclude>
    <ClInclude Include="ClientInfo.h">
      <Filter>Header Files\Network</Filter>
    </ClInclude>
    <ClInclude Include="Socket.h">
      <Filter>Header Files\Network</Filter>
    </ClInclude>
    <ClInclude Include="Sync_queue.h">
      <Filter>Header Files\Network</Filter>
    </ClInclude>
    <ClInclude Include="player.h">
      <Filter>Header Files\Domain</Filter>
    </ClInclude>
    <ClInclude Include="random.h">
      <Filter>Header Files\Utilities</Filter>
    </ClInclude>
    <ClInclude Include="Building.h">
      <Filter>Header Files\Domain</Filter>
    </ClInclude>
    <ClInclude Include="Character.h">
      <Filter>Header Files\Domain</Filter>
    </ClInclude>
    <ClInclude Include="Game.h">
      <Filter>Header Files\Domain</Filter>
    </ClInclude>
    <ClInclude Include="Ability.h">
      <Filter>Header Files\Domain\Abilities</Filter>
    </ClInclude>
    <ClInclude Include="AssassinAbility.h">
      <Filter>Header Files\Domain\Abilities</Filter>
    </ClInclude>
    <ClInclude Include="ThiefAbility.h">
      <Filter>Header Files\Domain\Abilities</Filter>
    </ClInclude>
    <ClInclude Include="MagicianAbility.h">
      <Filter>Header Files\Domain\Abilities</Filter>
    </ClInclude>
    <ClInclude Include="KingAbility.h">
      <Filter>Header Files\Domain\Abilities</Filter>
    </ClInclude>
    <ClInclude Include="BishopAbility.h">
      <Filter>Header Files\Domain\Abilities</Filter>
    </ClInclude>
    <ClInclude Include="MerchantAbility.h">
      <Filter>Header Files\Domain\Abilities</Filter>
    </ClInclude>
    <ClInclude Include="ArchitectAbility.h">
      <Filter>Header Files\Domain\Abilities</Filter>
    </ClInclude>
    <ClInclude Include="WarlordAbility.h">
      <Filter>Header Files\Domain\Abilities</Filter>
    </ClInclude>
    <ClInclude Include="AssassinationState.h">
      <Filter>Header Files\Domain\States</Filter>
    </ClInclude>
    <ClInclude Include="TurnState.h">
      <Filter>Header Files\Domain\States</Filter>
    </ClInclude>
    <ClInclude Include="player_card.h">
      <Filter>Header Files\Domain\cards</Filter>
    </ClInclude>
    <ClInclude Include="building_card.h">
      <Filter>Header Files\Domain\cards</Filter>
    </ClInclude>
    <ClInclude Include="color_enum.h">
      <Filter>Header Files\Utilities</Filter>
    </ClInclude>
    <ClInclude Include="condotierre.h">
      <Filter>Header Files\Domain\cards</Filter>
    </ClInclude>
    <ClInclude Include="assassin.h">
      <Filter>Header Files\Domain\cards</Filter>
    </ClInclude>
    <ClInclude Include="builder.h">
      <Filter>Header Files\Domain\cards</Filter>
    </ClInclude>
    <ClInclude Include="king.h">
      <Filter>Header Files\Domain\cards</Filter>
    </ClInclude>
    <ClInclude Include="mage.h">
      <Filter>Header Files\Domain\cards</Filter>
    </ClInclude>
    <ClInclude Include="merchant.h">
      <Filter>Header Files\Domain\cards</Filter>
    </ClInclude>
    <ClInclude Include="preacher.h">
      <Filter>Header Files\Domain\cards</Filter>
    </ClInclude>
    <ClInclude Include="thief.h">
      <Filter>Header Files\Domain\cards</Filter>
    </ClInclude>
    <ClInclude Include="LobbyState.h">
      <Filter>Header Files\Domain\States</Filter>
    </ClInclude>
    <ClInclude Include="DrawCharacterState.h">
      <Filter>Header Files\Domain\States</Filter>
    </ClInclude>
    <ClInclude Include="GameOverState.h">
      <Filter>Header Files\Domain\States</Filter>
    </ClInclude>
    <ClInclude Include="State.h">
      <Filter>Header Files\Domain\States</Filter>
    </ClInclude>
    <ClInclude Include="BuildingDeck.h">
      <Filter>Header Files\Domain</Filter>
    </ClInclude>
    <ClInclude Include="csvreader.h">
      <Filter>Header Files\Utilities</Filter>
    </ClInclude>
    <ClInclude Include="card.h">
      <Filter>Header Files\Domain\cards</Filter>
    </ClInclude>
    <ClInclude Include="CharacterDeck.h">
      <Filter>Header Files\Domain\cards</Filter>
    </ClInclude>
    <ClInclude Include="Turn.h">
      <Filter>Header Files\Domain</Filter>
    </ClInclude>
  </ItemGroup>
  <ItemGroup>
    <ClCompile Include="pch.cpp">
      <Filter>Source Files</Filter>
    </ClCompile>
    <ClCompile Include="Machiavelli-VS.cpp">
      <Filter>Source Files</Filter>
    </ClCompile>
    <ClCompile Include="throw.cpp">
      <Filter>Source Files</Filter>
    </ClCompile>
    <ClCompile Include="Player.cpp">
      <Filter>Source Files\Domain</Filter>
    </ClCompile>
    <ClCompile Include="Socket.cpp">
      <Filter>Source Files\Network</Filter>
    </ClCompile>
    <ClCompile Include="AssassinAbility.cpp">
      <Filter>Source Files\Domain\Abilities</Filter>
    </ClCompile>
    <ClCompile Include="thief.cpp">
      <Filter>Source Files\Domain\cards</Filter>
    </ClCompile>
    <ClCompile Include="assassin.cpp">
      <Filter>Source Files\Domain\cards</Filter>
    </ClCompile>
    <ClCompile Include="builder.cpp">
      <Filter>Source Files\Domain\cards</Filter>
    </ClCompile>
    <ClCompile Include="king.cpp">
      <Filter>Source Files\Domain\cards</Filter>
    </ClCompile>
    <ClCompile Include="mage.cpp">
      <Filter>Source Files\Domain\cards</Filter>
    </ClCompile>
    <ClCompile Include="condotierre.cpp">
      <Filter>Source Files\Domain\cards</Filter>
    </ClCompile>
    <ClCompile Include="merchant.cpp">
      <Filter>Source Files\Domain\cards</Filter>
    </ClCompile>
    <ClCompile Include="preacher.cpp">
      <Filter>Source Files\Domain\cards</Filter>
    </ClCompile>
    <ClCompile Include="character.cpp">
      <Filter>Source Files\Domain\cards</Filter>
    </ClCompile>
    <ClCompile Include="LobbyState.cpp">
      <Filter>Source Files\Domain\States</Filter>
    </ClCompile>
    <ClCompile Include="DrawCharacterState.cpp">
      <Filter>Source Files\Domain\States</Filter>
    </ClCompile>
    <ClCompile Include="Game.cpp">
      <Filter>Source Files\Domain</Filter>
    </ClCompile>
    <ClCompile Include="csvreader.cpp">
      <Filter>Source Files\Utilities</Filter>
    </ClCompile>
    <ClCompile Include="State.cpp">
      <Filter>Source Files\Domain\States</Filter>
    </ClCompile>
    <ClCompile Include="player_card.cpp">
      <Filter>Source Files\Domain\cards</Filter>
    </ClCompile>
    <ClCompile Include="BuildingDeck.cpp">
      <Filter>Source Files\Domain</Filter>
    </ClCompile>
    <ClCompile Include="CharacterDeck.cpp">
      <Filter>Source Files\Domain</Filter>
    </ClCompile>
    <ClCompile Include="Turn.cpp">
      <Filter>Source Files\Domain</Filter>
    </ClCompile>
    <ClCompile Include="Random.cpp">
      <Filter>Source Files\Utilities</Filter>
    </ClCompile>
  </ItemGroup>
</Project>